
Microsoft Visual Studio Solution File, Format Version 12.00
# Visual Studio Version 16
VisualStudioVersion = 16.0.31624.102
MinimumVisualStudioVersion = 10.0.40219.1
Project("{FAE04EC0-301F-11D3-BF4B-00C04F79EFBC}") = "Entidades", "Entidades\Entidades.csproj", "{9F807D1E-8471-4B78-83A7-2898AC0431A4}"
EndProject
Project("{FAE04EC0-301F-11D3-BF4B-00C04F79EFBC}") = "MiCalculadora", "MiCalculadora\MiCalculadora.csproj", "{B619B359-0AE3-4260-87FD-95697502876F}"
EndProject
Global
	GlobalSection(SolutionConfigurationPlatforms) = preSolution
		Debug|Any CPU = Debug|Any CPU
		Release|Any CPU = Release|Any CPU
	EndGlobalSection
	GlobalSection(ProjectConfigurationPlatforms) = postSolution
		{9F807D1E-8471-4B78-83A7-2898AC0431A4}.Debug|Any CPU.ActiveCfg = Debug|Any CPU
		{9F807D1E-8471-4B78-83A7-2898AC0431A4}.Debug|Any CPU.Build.0 = Debug|Any CPU
		{9F807D1E-8471-4B78-83A7-2898AC0431A4}.Release|Any CPU.ActiveCfg = Release|Any CPU
		{9F807D1E-8471-4B78-83A7-2898AC0431A4}.Release|Any CPU.Build.0 = Release|Any CPU
		{B619B359-0AE3-4260-87FD-95697502876F}.Debug|Any CPU.ActiveCfg = Debug|Any CPU
		{B619B359-0AE3-4260-87FD-95697502876F}.Debug|Any CPU.Build.0 = Debug|Any CPU
		{B619B359-0AE3-4260-87FD-95697502876F}.Release|Any CPU.ActiveCfg = Release|Any CPU
		{B619B359-0AE3-4260-87FD-95697502876F}.Release|Any CPU.Build.0 = Release|Any CPU
	EndGlobalSection
	GlobalSection(SolutionProperties) = preSolution
		HideSolutionNode = FALSE
	EndGlobalSection
	GlobalSection(ExtensibilityGlobals) = postSolution
		SolutionGuid = {E9F6D244-2CB6-487F-8818-CADB6C10760C}
	EndGlobalSection
EndGlobal
